
Microsoft Visual Studio Solution File, Format Version 12.00
# Visual Studio Version 17
VisualStudioVersion = 17.5.002.0
MinimumVisualStudioVersion = 10.0.40219.1
Project("{9A19103F-16F7-4668-BE54-9A1E7A4F7556}") = "CarDealershipApi", "CarDealershipApi.csproj", "{2C8C620D-1255-4966-9032-3FDE097917FC}"
EndProject
Global
	GlobalSection(SolutionConfigurationPlatforms) = preSolution
		Debug|Any CPU = Debug|Any CPU
		Release|Any CPU = Release|Any CPU
	EndGlobalSection
	GlobalSection(ProjectConfigurationPlatforms) = postSolution
		{2C8C620D-1255-4966-9032-3FDE097917FC}.Debug|Any CPU.ActiveCfg = Debug|Any CPU
		{2C8C620D-1255-4966-9032-3FDE097917FC}.Debug|Any CPU.Build.0 = Debug|Any CPU
		{2C8C620D-1255-4966-9032-3FDE097917FC}.Release|Any CPU.ActiveCfg = Release|Any CPU
		{2C8C620D-1255-4966-9032-3FDE097917FC}.Release|Any CPU.Build.0 = Release|Any CPU
	EndGlobalSection
	GlobalSection(SolutionProperties) = preSolution
		HideSolutionNode = FALSE
	EndGlobalSection
	GlobalSection(ExtensibilityGlobals) = postSolution
		SolutionGuid = {F1E47E04-600B-497B-B16B-89250062F8DB}
	EndGlobalSection
EndGlobal
